
Microsoft Visual Studio Solution File, Format Version 12.00
# Visual Studio Version 16
VisualStudioVersion = 16.0.30621.155
MinimumVisualStudioVersion = 10.0.40219.1
Project("{9A19103F-16F7-4668-BE54-9A1E7A4F7556}") = "TemeTASCasapu", "TemaTas\TemeTASCasapu.csproj", "{7A75F279-DA31-4AC2-8D30-51D851180FC3}"
EndProject
Project("{9A19103F-16F7-4668-BE54-9A1E7A4F7556}") = "TestAccount", "TestAccount\TestAccount.csproj", "{3561985E-9DBF-4EAB-86FC-E1E2F1A493D6}"
EndProject
Global
	GlobalSection(SolutionConfigurationPlatforms) = preSolution
		Debug|Any CPU = Debug|Any CPU
		Release|Any CPU = Release|Any CPU
	EndGlobalSection
	GlobalSection(ProjectConfigurationPlatforms) = postSolution
		{7A75F279-DA31-4AC2-8D30-51D851180FC3}.Debug|Any CPU.ActiveCfg = Debug|Any CPU
		{7A75F279-DA31-4AC2-8D30-51D851180FC3}.Debug|Any CPU.Build.0 = Debug|Any CPU
		{7A75F279-DA31-4AC2-8D30-51D851180FC3}.Release|Any CPU.ActiveCfg = Release|Any CPU
		{7A75F279-DA31-4AC2-8D30-51D851180FC3}.Release|Any CPU.Build.0 = Release|Any CPU
		{3561985E-9DBF-4EAB-86FC-E1E2F1A493D6}.Debug|Any CPU.ActiveCfg = Debug|Any CPU
		{3561985E-9DBF-4EAB-86FC-E1E2F1A493D6}.Debug|Any CPU.Build.0 = Debug|Any CPU
		{3561985E-9DBF-4EAB-86FC-E1E2F1A493D6}.Release|Any CPU.ActiveCfg = Release|Any CPU
		{3561985E-9DBF-4EAB-86FC-E1E2F1A493D6}.Release|Any CPU.Build.0 = Release|Any CPU
	EndGlobalSection
	GlobalSection(SolutionProperties) = preSolution
		HideSolutionNode = FALSE
	EndGlobalSection
	GlobalSection(ExtensibilityGlobals) = postSolution
		SolutionGuid = {88E7431C-4708-4AD7-BA9F-BD11DD5E7EAD}
	EndGlobalSection
EndGlobal
